// !$*UTF8*$!
{
	archiveVersion = 1;
	classes = {
	};
	objectVersion = 55;
	objects = {

/* Begin PBXBuildFile section */
		4BBFE270283A21A8006EAD8B /* AppDelegate.swift in Sources */ = {isa = PBXBuildFile; fileRef = 4BBFE26F283A21A8006EAD8B /* AppDelegate.swift */; };
		4BBFE272283A21A8006EAD8B /* SceneDelegate.swift in Sources */ = {isa = PBXBuildFile; fileRef = 4BBFE271283A21A8006EAD8B /* SceneDelegate.swift */; };
		4BBFE277283A21A8006EAD8B /* Main.storyboard in Resources */ = {isa = PBXBuildFile; fileRef = 4BBFE275283A21A8006EAD8B /* Main.storyboard */; };
		4BBFE279283A21AA006EAD8B /* Assets.xcassets in Resources */ = {isa = PBXBuildFile; fileRef = 4BBFE278283A21AA006EAD8B /* Assets.xcassets */; };
		4BBFE27C283A21AA006EAD8B /* LaunchScreen.storyboard in Resources */ = {isa = PBXBuildFile; fileRef = 4BBFE27A283A21AA006EAD8B /* LaunchScreen.storyboard */; };
		4BBFE284283A23C3006EAD8B /* MainTableViewController.swift in Sources */ = {isa = PBXBuildFile; fileRef = 4BBFE283283A23C3006EAD8B /* MainTableViewController.swift */; };
		4BBFE28B283A24D9006EAD8B /* DetailsViewController.swift in Sources */ = {isa = PBXBuildFile; fileRef = 4BBFE28A283A24D9006EAD8B /* DetailsViewController.swift */; };
		4BBFE292283A402C006EAD8B /* DotaTableViewCell.swift in Sources */ = {isa = PBXBuildFile; fileRef = 4BBFE291283A402C006EAD8B /* DotaTableViewCell.swift */; };
		4BBFE295283D254E006EAD8B /* Hero.swift in Sources */ = {isa = PBXBuildFile; fileRef = 4BBFE294283D254D006EAD8B /* Hero.swift */; };
		4BBFE297283D47F2006EAD8B /* NetworkManager.swift in Sources */ = {isa = PBXBuildFile; fileRef = 4BBFE296283D47F2006EAD8B /* NetworkManager.swift */; };
		D69D081FD950EF7D513A127F /* Pods_HW_2_11_Alamofire_Dota_.framework in Frameworks */ = {isa = PBXBuildFile; fileRef = A3B58769EB6D424AD553A536 /* Pods_HW_2_11_Alamofire_Dota_.framework */; };
/* End PBXBuildFile section */

/* Begin PBXFileReference section */
		4BBFE26C283A21A8006EAD8B /* HW.2.11.Alamofire(Dota).app */ = {isa = PBXFileReference; explicitFileType = wrapper.application; includeInIndex = 0; path = "HW.2.11.Alamofire(Dota).app"; sourceTree = BUILT_PRODUCTS_DIR; };
		4BBFE26F283A21A8006EAD8B /* AppDelegate.swift */ = {isa = PBXFileReference; lastKnownFileType = sourcecode.swift; path = AppDelegate.swift; sourceTree = "<group>"; };
		4BBFE271283A21A8006EAD8B /* SceneDelegate.swift */ = {isa = PBXFileReference; lastKnownFileType = sourcecode.swift; path = SceneDelegate.swift; sourceTree = "<group>"; };
		4BBFE276283A21A8006EAD8B /* Base */ = {isa = PBXFileReference; lastKnownFileType = file.storyboard; name = Base; path = Base.lproj/Main.storyboard; sourceTree = "<group>"; };
		4BBFE278283A21AA006EAD8B /* Assets.xcassets */ = {isa = PBXFileReference; lastKnownFileType = folder.assetcatalog; path = Assets.xcassets; sourceTree = "<group>"; };
		4BBFE27B283A21AA006EAD8B /* Base */ = {isa = PBXFileReference; lastKnownFileType = file.storyboard; name = Base; path = Base.lproj/LaunchScreen.storyboard; sourceTree = "<group>"; };
		4BBFE27D283A21AA006EAD8B /* Info.plist */ = {isa = PBXFileReference; lastKnownFileType = text.plist.xml; path = Info.plist; sourceTree = "<group>"; };
		4BBFE283283A23C3006EAD8B /* MainTableViewController.swift */ = {isa = PBXFileReference; lastKnownFileType = sourcecode.swift; path = MainTableViewController.swift; sourceTree = "<group>"; };
		4BBFE28A283A24D9006EAD8B /* DetailsViewController.swift */ = {isa = PBXFileReference; lastKnownFileType = sourcecode.swift; path = DetailsViewController.swift; sourceTree = "<group>"; };
		4BBFE291283A402C006EAD8B /* DotaTableViewCell.swift */ = {isa = PBXFileReference; lastKnownFileType = sourcecode.swift; path = DotaTableViewCell.swift; sourceTree = "<group>"; };
		4BBFE294283D254D006EAD8B /* Hero.swift */ = {isa = PBXFileReference; lastKnownFileType = sourcecode.swift; path = Hero.swift; sourceTree = "<group>"; };
		4BBFE296283D47F2006EAD8B /* NetworkManager.swift */ = {isa = PBXFileReference; lastKnownFileType = sourcecode.swift; path = NetworkManager.swift; sourceTree = "<group>"; };
		7E7224524C2ED9C806F2E1AC /* Pods-HW.2.11.Alamofire(Dota).debug.xcconfig */ = {isa = PBXFileReference; includeInIndex = 1; lastKnownFileType = text.xcconfig; name = "Pods-HW.2.11.Alamofire(Dota).debug.xcconfig"; path = "Target Support Files/Pods-HW.2.11.Alamofire(Dota)/Pods-HW.2.11.Alamofire(Dota).debug.xcconfig"; sourceTree = "<group>"; };
		93056651E6077AA559A8B05C /* Pods-HW.2.11.Alamofire(Dota).release.xcconfig */ = {isa = PBXFileReference; includeInIndex = 1; lastKnownFileType = text.xcconfig; name = "Pods-HW.2.11.Alamofire(Dota).release.xcconfig"; path = "Target Support Files/Pods-HW.2.11.Alamofire(Dota)/Pods-HW.2.11.Alamofire(Dota).release.xcconfig"; sourceTree = "<group>"; };
		A3B58769EB6D424AD553A536 /* Pods_HW_2_11_Alamofire_Dota_.framework */ = {isa = PBXFileReference; explicitFileType = wrapper.framework; includeInIndex = 0; path = Pods_HW_2_11_Alamofire_Dota_.framework; sourceTree = BUILT_PRODUCTS_DIR; };
/* End PBXFileReference section */

/* Begin PBXFrameworksBuildPhase section */
		4BBFE269283A21A8006EAD8B /* Frameworks */ = {
			isa = PBXFrameworksBuildPhase;
			buildActionMask = 2147483647;
			files = (
				D69D081FD950EF7D513A127F /* Pods_HW_2_11_Alamofire_Dota_.framework in Frameworks */,
			);
			runOnlyForDeploymentPostprocessing = 0;
		};
/* End PBXFrameworksBuildPhase section */

/* Begin PBXGroup section */
		3AA73E2A8DE83EA380E17B73 /* Frameworks */ = {
			isa = PBXGroup;
			children = (
				A3B58769EB6D424AD553A536 /* Pods_HW_2_11_Alamofire_Dota_.framework */,
			);
			name = Frameworks;
			sourceTree = "<group>";
		};
		4BBFE263283A21A8006EAD8B = {
			isa = PBXGroup;
			children = (
				4BBFE26E283A21A8006EAD8B /* HW.2.11.Alamofire(Dota) */,
				4BBFE26D283A21A8006EAD8B /* Products */,
				EE02A1866F74254E9DA0E7E8 /* Pods */,
				3AA73E2A8DE83EA380E17B73 /* Frameworks */,
			);
			sourceTree = "<group>";
		};
		4BBFE26D283A21A8006EAD8B /* Products */ = {
			isa = PBXGroup;
			children = (
				4BBFE26C283A21A8006EAD8B /* HW.2.11.Alamofire(Dota).app */,
			);
			name = Products;
			sourceTree = "<group>";
		};
		4BBFE26E283A21A8006EAD8B /* HW.2.11.Alamofire(Dota) */ = {
			isa = PBXGroup;
			children = (
				4BBFE28C283A2FF4006EAD8B /* Cell */,
				4BBFE288283A243D006EAD8B /* Model */,
				4BBFE286283A240D006EAD8B /* ViewControllers */,
				4BBFE285283A23DC006EAD8B /* Storyboards */,
				4BBFE289283A244F006EAD8B /* NetworkManager */,
				4BBFE287283A242A006EAD8B /* Other */,
			);
			path = "HW.2.11.Alamofire(Dota)";
			sourceTree = "<group>";
		};
		4BBFE285283A23DC006EAD8B /* Storyboards */ = {
			isa = PBXGroup;
			children = (
				4BBFE27A283A21AA006EAD8B /* LaunchScreen.storyboard */,
				4BBFE275283A21A8006EAD8B /* Main.storyboard */,
			);
			path = Storyboards;
			sourceTree = "<group>";
		};
		4BBFE286283A240D006EAD8B /* ViewControllers */ = {
			isa = PBXGroup;
			children = (
				4BBFE283283A23C3006EAD8B /* MainTableViewController.swift */,
				4BBFE28A283A24D9006EAD8B /* DetailsViewController.swift */,
			);
			path = ViewControllers;
			sourceTree = "<group>";
		};
		4BBFE287283A242A006EAD8B /* Other */ = {
			isa = PBXGroup;
			children = (
				4BBFE26F283A21A8006EAD8B /* AppDelegate.swift */,
				4BBFE271283A21A8006EAD8B /* SceneDelegate.swift */,
				4BBFE27D283A21AA006EAD8B /* Info.plist */,
				4BBFE278283A21AA006EAD8B /* Assets.xcassets */,
			);
			path = Other;
			sourceTree = "<group>";
		};
		4BBFE288283A243D006EAD8B /* Model */ = {
			isa = PBXGroup;
			children = (
				4BBFE294283D254D006EAD8B /* Hero.swift */,
			);
			path = Model;
			sourceTree = "<group>";
		};
		4BBFE289283A244F006EAD8B /* NetworkManager */ = {
			isa = PBXGroup;
			children = (
				4BBFE296283D47F2006EAD8B /* NetworkManager.swift */,
			);
			path = NetworkManager;
			sourceTree = "<group>";
		};
		4BBFE28C283A2FF4006EAD8B /* Cell */ = {
			isa = PBXGroup;
			children = (
				4BBFE291283A402C006EAD8B /* DotaTableViewCell.swift */,
			);
			path = Cell;
			sourceTree = "<group>";
		};
		EE02A1866F74254E9DA0E7E8 /* Pods */ = {
			isa = PBXGroup;
			children = (
				7E7224524C2ED9C806F2E1AC /* Pods-HW.2.11.Alamofire(Dota).debug.xcconfig */,
				93056651E6077AA559A8B05C /* Pods-HW.2.11.Alamofire(Dota).release.xcconfig */,
			);
			name = Pods;
			path = Pods;
			sourceTree = "<group>";
		};
/* End PBXGroup section */

/* Begin PBXNativeTarget section */
		4BBFE26B283A21A8006EAD8B /* HW.2.11.Alamofire(Dota) */ = {
			isa = PBXNativeTarget;
			buildConfigurationList = 4BBFE280283A21AA006EAD8B /* Build configuration list for PBXNativeTarget "HW.2.11.Alamofire(Dota)" */;
			buildPhases = (
				E4BC6BD6B98ADEBCA1158915 /* [CP] Check Pods Manifest.lock */,
				4BBFE268283A21A8006EAD8B /* Sources */,
				4BBFE269283A21A8006EAD8B /* Frameworks */,
				4BBFE26A283A21A8006EAD8B /* Resources */,
				23D6376375666D21D2408273 /* [CP] Embed Pods Frameworks */,
			);
			buildRules = (
			);
			dependencies = (
			);
			name = "HW.2.11.Alamofire(Dota)";
			productName = "HW.2.11.Alamofire(Dota)";
			productReference = 4BBFE26C283A21A8006EAD8B /* HW.2.11.Alamofire(Dota).app */;
			productType = "com.apple.product-type.application";
		};
/* End PBXNativeTarget section */

/* Begin PBXProject section */
		4BBFE264283A21A8006EAD8B /* Project object */ = {
			isa = PBXProject;
			attributes = {
				BuildIndependentTargetsInParallel = 1;
				LastSwiftUpdateCheck = 1300;
				LastUpgradeCheck = 1300;
				TargetAttributes = {
					4BBFE26B283A21A8006EAD8B = {
						CreatedOnToolsVersion = 13.0;
					};
				};
			};
			buildConfigurationList = 4BBFE267283A21A8006EAD8B /* Build configuration list for PBXProject "HW.2.11.Alamofire(Dota)" */;
			compatibilityVersion = "Xcode 13.0";
			developmentRegion = en;
			hasScannedForEncodings = 0;
			knownRegions = (
				en,
				Base,
			);
			mainGroup = 4BBFE263283A21A8006EAD8B;
			productRefGroup = 4BBFE26D283A21A8006EAD8B /* Products */;
			projectDirPath = "";
			projectRoot = "";
			targets = (
				4BBFE26B283A21A8006EAD8B /* HW.2.11.Alamofire(Dota) */,
			);
		};
/* End PBXProject section */

/* Begin PBXResourcesBuildPhase section */
		4BBFE26A283A21A8006EAD8B /* Resources */ = {
			isa = PBXResourcesBuildPhase;
			buildActionMask = 2147483647;
			files = (
				4BBFE27C283A21AA006EAD8B /* LaunchScreen.storyboard in Resources */,
				4BBFE279283A21AA006EAD8B /* Assets.xcassets in Resources */,
				4BBFE277283A21A8006EAD8B /* Main.storyboard in Resources */,
			);
			runOnlyForDeploymentPostprocessing = 0;
		};
/* End PBXResourcesBuildPhase section */

/* Begin PBXShellScriptBuildPhase section */
		23D6376375666D21D2408273 /* [CP] Embed Pods Frameworks */ = {
			isa = PBXShellScriptBuildPhase;
			buildActionMask = 2147483647;
			files = (
			);
			inputFileListPaths = (
				"${PODS_ROOT}/Target Support Files/Pods-HW.2.11.Alamofire(Dota)/Pods-HW.2.11.Alamofire(Dota)-frameworks-${CONFIGURATION}-input-files.xcfilelist",
			);
			name = "[CP] Embed Pods Frameworks";
			outputFileListPaths = (
				"${PODS_ROOT}/Target Support Files/Pods-HW.2.11.Alamofire(Dota)/Pods-HW.2.11.Alamofire(Dota)-frameworks-${CONFIGURATION}-output-files.xcfilelist",
			);
			runOnlyForDeploymentPostprocessing = 0;
			shellPath = /bin/sh;
			shellScript = "\"${PODS_ROOT}/Target Support Files/Pods-HW.2.11.Alamofire(Dota)/Pods-HW.2.11.Alamofire(Dota)-frameworks.sh\"\n";
			showEnvVarsInLog = 0;
		};
		E4BC6BD6B98ADEBCA1158915 /* [CP] Check Pods Manifest.lock */ = {
			isa = PBXShellScriptBuildPhase;
			buildActionMask = 2147483647;
			files = (
			);
			inputFileListPaths = (
			);
			inputPaths = (
				"${PODS_PODFILE_DIR_PATH}/Podfile.lock",
				"${PODS_ROOT}/Manifest.lock",
			);
			name = "[CP] Check Pods Manifest.lock";
			outputFileListPaths = (
			);
			outputPaths = (
				"$(DERIVED_FILE_DIR)/Pods-HW.2.11.Alamofire(Dota)-checkManifestLockResult.txt",
			);
			runOnlyForDeploymentPostprocessing = 0;
			shellPath = /bin/sh;
			shellScript = "diff \"${PODS_PODFILE_DIR_PATH}/Podfile.lock\" \"${PODS_ROOT}/Manifest.lock\" > /dev/null\nif [ $? != 0 ] ; then\n    # print error to STDERR\n    echo \"error: The sandbox is not in sync with the Podfile.lock. Run 'pod install' or update your CocoaPods installation.\" >&2\n    exit 1\nfi\n# This output is used by Xcode 'outputs' to avoid re-running this script phase.\necho \"SUCCESS\" > \"${SCRIPT_OUTPUT_FILE_0}\"\n";
			showEnvVarsInLog = 0;
		};
/* End PBXShellScriptBuildPhase section */

/* Begin PBXSourcesBuildPhase section */
		4BBFE268283A21A8006EAD8B /* Sources */ = {
			isa = PBXSourcesBuildPhase;
			buildActionMask = 2147483647;
			files = (
				4BBFE270283A21A8006EAD8B /* AppDelegate.swift in Sources */,
				4BBFE284283A23C3006EAD8B /* MainTableViewController.swift in Sources */,
				4BBFE272283A21A8006EAD8B /* SceneDelegate.swift in Sources */,
				4BBFE297283D47F2006EAD8B /* NetworkManager.swift in Sources */,
				4BBFE292283A402C006EAD8B /* DotaTableViewCell.swift in Sources */,
				4BBFE28B283A24D9006EAD8B /* DetailsViewController.swift in Sources */,
				4BBFE295283D254E006EAD8B /* Hero.swift in Sources */,
			);
			runOnlyForDeploymentPostprocessing = 0;
		};
/* End PBXSourcesBuildPhase section */

/* Begin PBXVariantGroup section */
		4BBFE275283A21A8006EAD8B /* Main.storyboard */ = {
			isa = PBXVariantGroup;
			children = (
				4BBFE276283A21A8006EAD8B /* Base */,
			);
			name = Main.storyboard;
			sourceTree = "<group>";
		};
		4BBFE27A283A21AA006EAD8B /* LaunchScreen.storyboard */ = {
			isa = PBXVariantGroup;
			children = (
				4BBFE27B283A21AA006EAD8B /* Base */,
			);
			name = LaunchScreen.storyboard;
			sourceTree = "<group>";
		};
/* End PBXVariantGroup section */

/* Begin XCBuildConfiguration section */
		4BBFE27E283A21AA006EAD8B /* Debug */ = {
			isa = XCBuildConfiguration;
			buildSettings = {
				ALWAYS_SEARCH_USER_PATHS = NO;
				CLANG_ANALYZER_NONNULL = YES;
				CLANG_ANALYZER_NUMBER_OBJECT_CONVERSION = YES_AGGRESSIVE;
				CLANG_CXX_LANGUAGE_STANDARD = "gnu++17";
				CLANG_CXX_LIBRARY = "libc++";
				CLANG_ENABLE_MODULES = YES;
				CLANG_ENABLE_OBJC_ARC = YES;
				CLANG_ENABLE_OBJC_WEAK = YES;
				CLANG_WARN_BLOCK_CAPTURE_AUTORELEASING = YES;
				CLANG_WARN_BOOL_CONVERSION = YES;
				CLANG_WARN_COMMA = YES;
				CLANG_WARN_CONSTANT_CONVERSION = YES;
				CLANG_WARN_DEPRECATED_OBJC_IMPLEMENTATIONS = YES;
				CLANG_WARN_DIRECT_OBJC_ISA_USAGE = YES_ERROR;
				CLANG_WARN_DOCUMENTATION_COMMENTS = YES;
				CLANG_WARN_EMPTY_BODY = YES;
				CLANG_WARN_ENUM_CONVERSION = YES;
				CLANG_WARN_INFINITE_RECURSION = YES;
				CLANG_WARN_INT_CONVERSION = YES;
				CLANG_WARN_NON_LITERAL_NULL_CONVERSION = YES;
				CLANG_WARN_OBJC_IMPLICIT_RETAIN_SELF = YES;
				CLANG_WARN_OBJC_LITERAL_CONVERSION = YES;
				CLANG_WARN_OBJC_ROOT_CLASS = YES_ERROR;
				CLANG_WARN_QUOTED_INCLUDE_IN_FRAMEWORK_HEADER = YES;
				CLANG_WARN_RANGE_LOOP_ANALYSIS = YES;
				CLANG_WARN_STRICT_PROTOTYPES = YES;
				CLANG_WARN_SUSPICIOUS_MOVE = YES;
				CLANG_WARN_UNGUARDED_AVAILABILITY = YES_AGGRESSIVE;
				CLANG_WARN_UNREACHABLE_CODE = YES;
				CLANG_WARN__DUPLICATE_METHOD_MATCH = YES;
				COPY_PHASE_STRIP = NO;
				DEBUG_INFORMATION_FORMAT = dwarf;
				ENABLE_STRICT_OBJC_MSGSEND = YES;
				ENABLE_TESTABILITY = YES;
				GCC_C_LANGUAGE_STANDARD = gnu11;
				GCC_DYNAMIC_NO_PIC = NO;
				GCC_NO_COMMON_BLOCKS = YES;
				GCC_OPTIMIZATION_LEVEL = 0;
				GCC_PREPROCESSOR_DEFINITIONS = (
					"DEBUG=1",
					"$(inherited)",
				);
				GCC_WARN_64_TO_32_BIT_CONVERSION = YES;
				GCC_WARN_ABOUT_RETURN_TYPE = YES_ERROR;
				GCC_WARN_UNDECLARED_SELECTOR = YES;
				GCC_WARN_UNINITIALIZED_AUTOS = YES_AGGRESSIVE;
				GCC_WARN_UNUSED_FUNCTION = YES;
				GCC_WARN_UNUSED_VARIABLE = YES;
				IPHONEOS_DEPLOYMENT_TARGET = 15.0;
				MTL_ENABLE_DEBUG_INFO = INCLUDE_SOURCE;
				MTL_FAST_MATH = YES;
				ONLY_ACTIVE_ARCH = YES;
				SDKROOT = iphoneos;
				SWIFT_ACTIVE_COMPILATION_CONDITIONS = DEBUG;
				SWIFT_OPTIMIZATION_LEVEL = "-Onone";
			};
			name = Debug;
		};
		4BBFE27F283A21AA006EAD8B /* Release */ = {
			isa = XCBuildConfiguration;
			buildSettings = {
				ALWAYS_SEARCH_USER_PATHS = NO;
				CLANG_ANALYZER_NONNULL = YES;
				CLANG_ANALYZER_NUMBER_OBJECT_CONVERSION = YES_AGGRESSIVE;
				CLANG_CXX_LANGUAGE_STANDARD = "gnu++17";
				CLANG_CXX_LIBRARY = "libc++";
				CLANG_ENABLE_MODULES = YES;
				CLANG_ENABLE_OBJC_ARC = YES;
				CLANG_ENABLE_OBJC_WEAK = YES;
				CLANG_WARN_BLOCK_CAPTURE_AUTORELEASING = YES;
				CLANG_WARN_BOOL_CONVERSION = YES;
				CLANG_WARN_COMMA = YES;
				CLANG_WARN_CONSTANT_CONVERSION = YES;
				CLANG_WARN_DEPRECATED_OBJC_IMPLEMENTATIONS = YES;
				CLANG_WARN_DIRECT_OBJC_ISA_USAGE = YES_ERROR;
				CLANG_WARN_DOCUMENTATION_COMMENTS = YES;
				CLANG_WARN_EMPTY_BODY = YES;
				CLANG_WARN_ENUM_CONVERSION = YES;
				CLANG_WARN_INFINITE_RECURSION = YES;
				CLANG_WARN_INT_CONVERSION = YES;
				CLANG_WARN_NON_LITERAL_NULL_CONVERSION = YES;
				CLANG_WARN_OBJC_IMPLICIT_RETAIN_SELF = YES;
				CLANG_WARN_OBJC_LITERAL_CONVERSION = YES;
				CLANG_WARN_OBJC_ROOT_CLASS = YES_ERROR;
				CLANG_WARN_QUOTED_INCLUDE_IN_FRAMEWORK_HEADER = YES;
				CLANG_WARN_RANGE_LOOP_ANALYSIS = YES;
				CLANG_WARN_STRICT_PROTOTYPES = YES;
				CLANG_WARN_SUSPICIOUS_MOVE = YES;
				CLANG_WARN_UNGUARDED_AVAILABILITY = YES_AGGRESSIVE;
				CLANG_WARN_UNREACHABLE_CODE = YES;
				CLANG_WARN__DUPLICATE_METHOD_MATCH = YES;
				COPY_PHASE_STRIP = NO;
				DEBUG_INFORMATION_FORMAT = "dwarf-with-dsym";
				ENABLE_NS_ASSERTIONS = NO;
				ENABLE_STRICT_OBJC_MSGSEND = YES;
				GCC_C_LANGUAGE_STANDARD = gnu11;
				GCC_NO_COMMON_BLOCKS = YES;
				GCC_WARN_64_TO_32_BIT_CONVERSION = YES;
				GCC_WARN_ABOUT_RETURN_TYPE = YES_ERROR;
				GCC_WARN_UNDECLARED_SELECTOR = YES;
				GCC_WARN_UNINITIALIZED_AUTOS = YES_AGGRESSIVE;
				GCC_WARN_UNUSED_FUNCTION = YES;
				GCC_WARN_UNUSED_VARIABLE = YES;
				IPHONEOS_DEPLOYMENT_TARGET = 15.0;
				MTL_ENABLE_DEBUG_INFO = NO;
				MTL_FAST_MATH = YES;
				SDKROOT = iphoneos;
				SWIFT_COMPILATION_MODE = wholemodule;
				SWIFT_OPTIMIZATION_LEVEL = "-O";
				VALIDATE_PRODUCT = YES;
			};
			name = Release;
		};
		4BBFE281283A21AA006EAD8B /* Debug */ = {
			isa = XCBuildConfiguration;
			baseConfigurationReference = 7E7224524C2ED9C806F2E1AC /* Pods-HW.2.11.Alamofire(Dota).debug.xcconfig */;
			buildSettings = {
				ASSETCATALOG_COMPILER_APPICON_NAME = AppIcon;
				ASSETCATALOG_COMPILER_GLOBAL_ACCENT_COLOR_NAME = AccentColor;
				CODE_SIGN_STYLE = Automatic;
				CURRENT_PROJECT_VERSION = 1;
				DEVELOPMENT_TEAM = YGRG6HC2V6;
				GENERATE_INFOPLIST_FILE = YES;
				INFOPLIST_FILE = "HW.2.11.Alamofire(Dota)/Other/Info.plist";
				INFOPLIST_KEY_UIApplicationSupportsIndirectInputEvents = YES;
				INFOPLIST_KEY_UILaunchStoryboardName = LaunchScreen;
				INFOPLIST_KEY_UIMainStoryboardFile = Main;
				INFOPLIST_KEY_UISupportedInterfaceOrientations_iPad = "UIInterfaceOrientationPortrait UIInterfaceOrientationPortraitUpsideDown UIInterfaceOrientationLandscapeLeft UIInterfaceOrientationLandscapeRight";
				INFOPLIST_KEY_UISupportedInterfaceOrientations_iPhone = "UIInterfaceOrientationPortrait UIInterfaceOrientationLandscapeLeft UIInterfaceOrientationLandscapeRight";
				LD_RUNPATH_SEARCH_PATHS = (
					"$(inherited)",
					"@executable_path/Frameworks",
				);
				MARKETING_VERSION = 1.0;
				PRODUCT_BUNDLE_IDENTIFIER = "engineerk2.HW-2-11-Alamofire-Dota-";
				PRODUCT_NAME = "$(TARGET_NAME)";
				SWIFT_EMIT_LOC_STRINGS = YES;
				SWIFT_VERSION = 5.0;
				TARGETED_DEVICE_FAMILY = 1;
			};
			name = Debug;
		};
		4BBFE282283A21AA006EAD8B /* Release */ = {
			isa = XCBuildConfiguration;
			baseConfigurationReference = 93056651E6077AA559A8B05C /* Pods-HW.2.11.Alamofire(Dota).release.xcconfig */;
			buildSettings = {
				ASSETCATALOG_COMPILER_APPICON_NAME = AppIcon;
				ASSETCATALOG_COMPILER_GLOBAL_ACCENT_COLOR_NAME = AccentColor;
				CODE_SIGN_STYLE = Automatic;
				CURRENT_PROJECT_VERSION = 1;
				DEVELOPMENT_TEAM = YGRG6HC2V6;
				GENERATE_INFOPLIST_FILE = YES;
				INFOPLIST_FILE = "HW.2.11.Alamofire(Dota)/Other/Info.plist";
				INFOPLIST_KEY_UIApplicationSupportsIndirectInputEvents = YES;
				INFOPLIST_KEY_UILaunchStoryboardName = LaunchScreen;
				INFOPLIST_KEY_UIMainStoryboardFile = Main;
				INFOPLIST_KEY_UISupportedInterfaceOrientations_iPad = "UIInterfaceOrientationPortrait UIInterfaceOrientationPortraitUpsideDown UIInterfaceOrientationLandscapeLeft UIInterfaceOrientationLandscapeRight";
				INFOPLIST_KEY_UISupportedInterfaceOrientations_iPhone = "UIInterfaceOrientationPortrait UIInterfaceOrientationLandscapeLeft UIInterfaceOrientationLandscapeRight";
				LD_RUNPATH_SEARCH_PATHS = (
					"$(inherited)",
					"@executable_path/Frameworks",
				);
				MARKETING_VERSION = 1.0;
				PRODUCT_BUNDLE_IDENTIFIER = "engineerk2.HW-2-11-Alamofire-Dota-";
				PRODUCT_NAME = "$(TARGET_NAME)";
				SWIFT_EMIT_LOC_STRINGS = YES;
				SWIFT_VERSION = 5.0;
				TARGETED_DEVICE_FAMILY = 1;
			};
			name = Release;
		};
/* End XCBuildConfiguration section */

/* Begin XCConfigurationList section */
		4BBFE267283A21A8006EAD8B /* Build configuration list for PBXProject "HW.2.11.Alamofire(Dota)" */ = {
			isa = XCConfigurationList;
			buildConfigurations = (
				4BBFE27E283A21AA006EAD8B /* Debug */,
				4BBFE27F283A21AA006EAD8B /* Release */,
			);
			defaultConfigurationIsVisible = 0;
			defaultConfigurationName = Release;
		};
		4BBFE280283A21AA006EAD8B /* Build configuration list for PBXNativeTarget "HW.2.11.Alamofire(Dota)" */ = {
			isa = XCConfigurationList;
			buildConfigurations = (
				4BBFE281283A21AA006EAD8B /* Debug */,
				4BBFE282283A21AA006EAD8B /* Release */,
			);
			defaultConfigurationIsVisible = 0;
			defaultConfigurationName = Release;
		};
/* End XCConfigurationList section */
	};
	rootObject = 4BBFE264283A21A8006EAD8B /* Project object */;
}
